// !$*UTF8*$!
{
	archiveVersion = 1;
	classes = {
	};
	objectVersion = 46;
	objects = {

/* Begin PBXBuildFile section */
		1547D077181C3C9300513492 /* KTPost.m in Sources */ = {isa = PBXBuildFile; fileRef = 1547D076181C3C9300513492 /* KTPost.m */; };
		1547D07A181C3DF300513492 /* KTExpression.m in Sources */ = {isa = PBXBuildFile; fileRef = 1547D079181C3DF300513492 /* KTExpression.m */; };
		1547D07D181C3E8000513492 /* KTLanguage.m in Sources */ = {isa = PBXBuildFile; fileRef = 1547D07C181C3E8000513492 /* KTLanguage.m */; };
		1547D080181C419400513492 /* KTQuestion.m in Sources */ = {isa = PBXBuildFile; fileRef = 1547D07F181C419400513492 /* KTQuestion.m */; };
		1586405D180F5B52004B212B /* Foundation.framework in Frameworks */ = {isa = PBXBuildFile; fileRef = 1586405C180F5B52004B212B /* Foundation.framework */; };
		1586405F180F5B52004B212B /* CoreGraphics.framework in Frameworks */ = {isa = PBXBuildFile; fileRef = 1586405E180F5B52004B212B /* CoreGraphics.framework */; };
		15864061180F5B52004B212B /* UIKit.framework in Frameworks */ = {isa = PBXBuildFile; fileRef = 15864060180F5B52004B212B /* UIKit.framework */; };
		15864067180F5B52004B212B /* InfoPlist.strings in Resources */ = {isa = PBXBuildFile; fileRef = 15864065180F5B52004B212B /* InfoPlist.strings */; };
		15864069180F5B52004B212B /* main.m in Sources */ = {isa = PBXBuildFile; fileRef = 15864068180F5B52004B212B /* main.m */; };
		1586406D180F5B52004B212B /* KTHomeAppDelegate.m in Sources */ = {isa = PBXBuildFile; fileRef = 1586406C180F5B52004B212B /* KTHomeAppDelegate.m */; };
		15864070180F5B52004B212B /* Main.storyboard in Resources */ = {isa = PBXBuildFile; fileRef = 1586406E180F5B52004B212B /* Main.storyboard */; };
		15864075180F5B52004B212B /* Images.xcassets in Resources */ = {isa = PBXBuildFile; fileRef = 15864074180F5B52004B212B /* Images.xcassets */; };
		1586407C180F5B52004B212B /* XCTest.framework in Frameworks */ = {isa = PBXBuildFile; fileRef = 1586407B180F5B52004B212B /* XCTest.framework */; };
		1586407D180F5B52004B212B /* Foundation.framework in Frameworks */ = {isa = PBXBuildFile; fileRef = 1586405C180F5B52004B212B /* Foundation.framework */; };
		1586407E180F5B52004B212B /* UIKit.framework in Frameworks */ = {isa = PBXBuildFile; fileRef = 15864060180F5B52004B212B /* UIKit.framework */; };
		15864086180F5B52004B212B /* InfoPlist.strings in Resources */ = {isa = PBXBuildFile; fileRef = 15864084180F5B52004B212B /* InfoPlist.strings */; };
		15864088180F5B52004B212B /* kiptalkTests.m in Sources */ = {isa = PBXBuildFile; fileRef = 15864087180F5B52004B212B /* kiptalkTests.m */; };
		15864097180F5CBB004B212B /* KTUser.m in Sources */ = {isa = PBXBuildFile; fileRef = 15864096180F5CBB004B212B /* KTUser.m */; };
		159004B2181DE6B200D5A50C /* KTComment.m in Sources */ = {isa = PBXBuildFile; fileRef = 159004B1181DE6B200D5A50C /* KTComment.m */; };
		C711BDA2182CCE1700000A27 /* KTQuestionListItemCell.xib in Resources */ = {isa = PBXBuildFile; fileRef = C711BDA1182CCE1700000A27 /* KTQuestionListItemCell.xib */; };
		C72EAB6118BDBA9E002D6B82 /* KTDoubleListTableViewController.m in Sources */ = {isa = PBXBuildFile; fileRef = C72EAB6018BDBA9E002D6B82 /* KTDoubleListTableViewController.m */; };
		C72EAB6418BDBB5D002D6B82 /* KTFollowingViewController.m in Sources */ = {isa = PBXBuildFile; fileRef = C72EAB6318BDBB5D002D6B82 /* KTFollowingViewController.m */; };
		C72EAB6B18BDBB76002D6B82 /* KTAskViewController.m in Sources */ = {isa = PBXBuildFile; fileRef = C72EAB6618BDBB76002D6B82 /* KTAskViewController.m */; };
		C72EAB6C18BDBB76002D6B82 /* KTHomeViewController.m in Sources */ = {isa = PBXBuildFile; fileRef = C72EAB6818BDBB76002D6B82 /* KTHomeViewController.m */; };
		C72EAB6D18BDBB76002D6B82 /* KTMeViewController.m in Sources */ = {isa = PBXBuildFile; fileRef = C72EAB6A18BDBB76002D6B82 /* KTMeViewController.m */; };
		C72EAB7318BDBBA4002D6B82 /* KTQuestionListFetcher.m in Sources */ = {isa = PBXBuildFile; fileRef = C72EAB7018BDBBA4002D6B82 /* KTQuestionListFetcher.m */; };
		C72EAB7418BDBBA4002D6B82 /* KTWebService.m in Sources */ = {isa = PBXBuildFile; fileRef = C72EAB7218BDBBA4002D6B82 /* KTWebService.m */; };
		C72EAB7718BDBDB7002D6B82 /* KTExploreViewController.m in Sources */ = {isa = PBXBuildFile; fileRef = C72EAB7618BDBDB7002D6B82 /* KTExploreViewController.m */; };
		C7DDE886182A12E900F0D5CB /* KTQuestionListItemCell.m in Sources */ = {isa = PBXBuildFile; fileRef = C7DDE885182A12E900F0D5CB /* KTQuestionListItemCell.m */; };
		C7DDE887182A12E900F0D5CB /* KTQuestionListItemCell.m in Sources */ = {isa = PBXBuildFile; fileRef = C7DDE885182A12E900F0D5CB /* KTQuestionListItemCell.m */; };
		C7DDE88F182A146600F0D5CB /* KTQuestionListItem.m in Sources */ = {isa = PBXBuildFile; fileRef = C7DDE88E182A146600F0D5CB /* KTQuestionListItem.m */; };
		C7DDE890182A146600F0D5CB /* KTQuestionListItem.m in Sources */ = {isa = PBXBuildFile; fileRef = C7DDE88E182A146600F0D5CB /* KTQuestionListItem.m */; };
		C7DDEA11182B927400F0D5CB /* clock.png in Resources */ = {isa = PBXBuildFile; fileRef = C7DDEA0D182B927400F0D5CB /* clock.png */; };
		C7DDEA12182B927400F0D5CB /* clock.png in Resources */ = {isa = PBXBuildFile; fileRef = C7DDEA0D182B927400F0D5CB /* clock.png */; };
		C7DDEA13182B927400F0D5CB /* clock@2x.png in Resources */ = {isa = PBXBuildFile; fileRef = C7DDEA0E182B927400F0D5CB /* clock@2x.png */; };
		C7DDEA14182B927400F0D5CB /* clock@2x.png in Resources */ = {isa = PBXBuildFile; fileRef = C7DDEA0E182B927400F0D5CB /* clock@2x.png */; };
		C7DDEA15182B927400F0D5CB /* profilepic.jpg in Resources */ = {isa = PBXBuildFile; fileRef = C7DDEA0F182B927400F0D5CB /* profilepic.jpg */; };
		C7DDEA16182B927400F0D5CB /* profilepic.jpg in Resources */ = {isa = PBXBuildFile; fileRef = C7DDEA0F182B927400F0D5CB /* profilepic.jpg */; };
		C7DDEA17182B927400F0D5CB /* profilepic@2x.jpg in Resources */ = {isa = PBXBuildFile; fileRef = C7DDEA10182B927400F0D5CB /* profilepic@2x.jpg */; };
		C7DDEA18182B927400F0D5CB /* profilepic@2x.jpg in Resources */ = {isa = PBXBuildFile; fileRef = C7DDEA10182B927400F0D5CB /* profilepic@2x.jpg */; };
/* End PBXBuildFile section */

/* Begin PBXContainerItemProxy section */
		1586407F180F5B52004B212B /* PBXContainerItemProxy */ = {
			isa = PBXContainerItemProxy;
			containerPortal = 15864051180F5B52004B212B /* Project object */;
			proxyType = 1;
			remoteGlobalIDString = 15864058180F5B52004B212B;
			remoteInfo = kiptalk;
		};
/* End PBXContainerItemProxy section */

/* Begin PBXFileReference section */
		1547D075181C3C9300513492 /* KTPost.h */ = {isa = PBXFileReference; fileEncoding = 4; lastKnownFileType = sourcecode.c.h; name = KTPost.h; path = kiptalk/models/KTPost.h; sourceTree = "<group>"; };
		1547D076181C3C9300513492 /* KTPost.m */ = {isa = PBXFileReference; fileEncoding = 4; lastKnownFileType = sourcecode.c.objc; name = KTPost.m; path = kiptalk/models/KTPost.m; sourceTree = "<group>"; };
		1547D078181C3DF300513492 /* KTExpression.h */ = {isa = PBXFileReference; fileEncoding = 4; lastKnownFileType = sourcecode.c.h; name = KTExpression.h; path = kiptalk/models/KTExpression.h; sourceTree = "<group>"; };
		1547D079181C3DF300513492 /* KTExpression.m */ = {isa = PBXFileReference; fileEncoding = 4; lastKnownFileType = sourcecode.c.objc; name = KTExpression.m; path = kiptalk/models/KTExpression.m; sourceTree = "<group>"; };
		1547D07B181C3E8000513492 /* KTLanguage.h */ = {isa = PBXFileReference; fileEncoding = 4; lastKnownFileType = sourcecode.c.h; name = KTLanguage.h; path = kiptalk/models/KTLanguage.h; sourceTree = "<group>"; };
		1547D07C181C3E8000513492 /* KTLanguage.m */ = {isa = PBXFileReference; fileEncoding = 4; lastKnownFileType = sourcecode.c.objc; name = KTLanguage.m; path = kiptalk/models/KTLanguage.m; sourceTree = "<group>"; };
		1547D07E181C419400513492 /* KTQuestion.h */ = {isa = PBXFileReference; fileEncoding = 4; lastKnownFileType = sourcecode.c.h; name = KTQuestion.h; path = kiptalk/models/KTQuestion.h; sourceTree = "<group>"; };
		1547D07F181C419400513492 /* KTQuestion.m */ = {isa = PBXFileReference; fileEncoding = 4; lastKnownFileType = sourcecode.c.objc; name = KTQuestion.m; path = kiptalk/models/KTQuestion.m; sourceTree = "<group>"; };
		15864059180F5B52004B212B /* kiptalk.app */ = {isa = PBXFileReference; explicitFileType = wrapper.application; includeInIndex = 0; path = kiptalk.app; sourceTree = BUILT_PRODUCTS_DIR; };
		1586405C180F5B52004B212B /* Foundation.framework */ = {isa = PBXFileReference; lastKnownFileType = wrapper.framework; name = Foundation.framework; path = System/Library/Frameworks/Foundation.framework; sourceTree = SDKROOT; };
		1586405E180F5B52004B212B /* CoreGraphics.framework */ = {isa = PBXFileReference; lastKnownFileType = wrapper.framework; name = CoreGraphics.framework; path = System/Library/Frameworks/CoreGraphics.framework; sourceTree = SDKROOT; };
		15864060180F5B52004B212B /* UIKit.framework */ = {isa = PBXFileReference; lastKnownFileType = wrapper.framework; name = UIKit.framework; path = System/Library/Frameworks/UIKit.framework; sourceTree = SDKROOT; };
		15864064180F5B52004B212B /* kiptalk-Info.plist */ = {isa = PBXFileReference; lastKnownFileType = text.plist.xml; path = "kiptalk-Info.plist"; sourceTree = "<group>"; };
		15864066180F5B52004B212B /* en */ = {isa = PBXFileReference; lastKnownFileType = text.plist.strings; name = en; path = en.lproj/InfoPlist.strings; sourceTree = "<group>"; };
		15864068180F5B52004B212B /* main.m */ = {isa = PBXFileReference; lastKnownFileType = sourcecode.c.objc; path = main.m; sourceTree = "<group>"; };
		1586406A180F5B52004B212B /* kiptalk-Prefix.pch */ = {isa = PBXFileReference; lastKnownFileType = sourcecode.c.h; path = "kiptalk-Prefix.pch"; sourceTree = "<group>"; };
		1586406B180F5B52004B212B /* KTHomeAppDelegate.h */ = {isa = PBXFileReference; lastKnownFileType = sourcecode.c.h; path = KTHomeAppDelegate.h; sourceTree = "<group>"; };
		1586406C180F5B52004B212B /* KTHomeAppDelegate.m */ = {isa = PBXFileReference; lastKnownFileType = sourcecode.c.objc; path = KTHomeAppDelegate.m; sourceTree = "<group>"; };
		1586406F180F5B52004B212B /* Base */ = {isa = PBXFileReference; lastKnownFileType = file.storyboard; name = Base; path = Base.lproj/Main.storyboard; sourceTree = "<group>"; };
		15864074180F5B52004B212B /* Images.xcassets */ = {isa = PBXFileReference; lastKnownFileType = folder.assetcatalog; path = Images.xcassets; sourceTree = "<group>"; };
		1586407A180F5B52004B212B /* kiptalkTests.xctest */ = {isa = PBXFileReference; explicitFileType = wrapper.cfbundle; includeInIndex = 0; path = kiptalkTests.xctest; sourceTree = BUILT_PRODUCTS_DIR; };
		1586407B180F5B52004B212B /* XCTest.framework */ = {isa = PBXFileReference; lastKnownFileType = wrapper.framework; name = XCTest.framework; path = Library/Frameworks/XCTest.framework; sourceTree = DEVELOPER_DIR; };
		15864083180F5B52004B212B /* kiptalkTests-Info.plist */ = {isa = PBXFileReference; lastKnownFileType = text.plist.xml; path = "kiptalkTests-Info.plist"; sourceTree = "<group>"; };
		15864085180F5B52004B212B /* en */ = {isa = PBXFileReference; lastKnownFileType = text.plist.strings; name = en; path = en.lproj/InfoPlist.strings; sourceTree = "<group>"; };
		15864087180F5B52004B212B /* kiptalkTests.m */ = {isa = PBXFileReference; lastKnownFileType = sourcecode.c.objc; path = kiptalkTests.m; sourceTree = "<group>"; };
		15864095180F5CBB004B212B /* KTUser.h */ = {isa = PBXFileReference; fileEncoding = 4; lastKnownFileType = sourcecode.c.h; name = KTUser.h; path = kiptalk/models/KTUser.h; sourceTree = "<group>"; };
		15864096180F5CBB004B212B /* KTUser.m */ = {isa = PBXFileReference; fileEncoding = 4; lastKnownFileType = sourcecode.c.objc; name = KTUser.m; path = kiptalk/models/KTUser.m; sourceTree = "<group>"; };
		159004B0181DE6B200D5A50C /* KTComment.h */ = {isa = PBXFileReference; fileEncoding = 4; lastKnownFileType = sourcecode.c.h; name = KTComment.h; path = kiptalk/models/KTComment.h; sourceTree = "<group>"; };
		159004B1181DE6B200D5A50C /* KTComment.m */ = {isa = PBXFileReference; fileEncoding = 4; lastKnownFileType = sourcecode.c.objc; name = KTComment.m; path = kiptalk/models/KTComment.m; sourceTree = "<group>"; };
		C711BDA1182CCE1700000A27 /* KTQuestionListItemCell.xib */ = {isa = PBXFileReference; fileEncoding = 4; lastKnownFileType = file.xib; name = KTQuestionListItemCell.xib; path = views/KTQuestionListItemCell.xib; sourceTree = "<group>"; };
		C72EAB5F18BDBA9E002D6B82 /* KTDoubleListTableViewController.h */ = {isa = PBXFileReference; fileEncoding = 4; lastKnownFileType = sourcecode.c.h; name = KTDoubleListTableViewController.h; path = controller/KTDoubleListTableViewController.h; sourceTree = "<group>"; };
		C72EAB6018BDBA9E002D6B82 /* KTDoubleListTableViewController.m */ = {isa = PBXFileReference; fileEncoding = 4; lastKnownFileType = sourcecode.c.objc; name = KTDoubleListTableViewController.m; path = controller/KTDoubleListTableViewController.m; sourceTree = "<group>"; };
		C72EAB6218BDBB5D002D6B82 /* KTFollowingViewController.h */ = {isa = PBXFileReference; fileEncoding = 4; lastKnownFileType = sourcecode.c.h; name = KTFollowingViewController.h; path = controller/KTFollowingViewController.h; sourceTree = "<group>"; };
		C72EAB6318BDBB5D002D6B82 /* KTFollowingViewController.m */ = {isa = PBXFileReference; fileEncoding = 4; lastKnownFileType = sourcecode.c.objc; name = KTFollowingViewController.m; path = controller/KTFollowingViewController.m; sourceTree = "<group>"; };
		C72EAB6518BDBB76002D6B82 /* KTAskViewController.h */ = {isa = PBXFileReference; fileEncoding = 4; lastKnownFileType = sourcecode.c.h; name = KTAskViewController.h; path = controller/KTAskViewController.h; sourceTree = "<group>"; };
		C72EAB6618BDBB76002D6B82 /* KTAskViewController.m */ = {isa = PBXFileReference; fileEncoding = 4; lastKnownFileType = sourcecode.c.objc; name = KTAskViewController.m; path = controller/KTAskViewController.m; sourceTree = "<group>"; };
		C72EAB6718BDBB76002D6B82 /* KTHomeViewController.h */ = {isa = PBXFileReference; fileEncoding = 4; lastKnownFileType = sourcecode.c.h; name = KTHomeViewController.h; path = controller/KTHomeViewController.h; sourceTree = "<group>"; };
		C72EAB6818BDBB76002D6B82 /* KTHomeViewController.m */ = {isa = PBXFileReference; fileEncoding = 4; lastKnownFileType = sourcecode.c.objc; name = KTHomeViewController.m; path = controller/KTHomeViewController.m; sourceTree = "<group>"; };
		C72EAB6918BDBB76002D6B82 /* KTMeViewController.h */ = {isa = PBXFileReference; fileEncoding = 4; lastKnownFileType = sourcecode.c.h; name = KTMeViewController.h; path = controller/KTMeViewController.h; sourceTree = "<group>"; };
		C72EAB6A18BDBB76002D6B82 /* KTMeViewController.m */ = {isa = PBXFileReference; fileEncoding = 4; lastKnownFileType = sourcecode.c.objc; name = KTMeViewController.m; path = controller/KTMeViewController.m; sourceTree = "<group>"; };
		C72EAB6F18BDBBA4002D6B82 /* KTQuestionListFetcher.h */ = {isa = PBXFileReference; fileEncoding = 4; lastKnownFileType = sourcecode.c.h; name = KTQuestionListFetcher.h; path = services/KTQuestionListFetcher.h; sourceTree = "<group>"; };
		C72EAB7018BDBBA4002D6B82 /* KTQuestionListFetcher.m */ = {isa = PBXFileReference; fileEncoding = 4; lastKnownFileType = sourcecode.c.objc; name = KTQuestionListFetcher.m; path = services/KTQuestionListFetcher.m; sourceTree = "<group>"; };
		C72EAB7118BDBBA4002D6B82 /* KTWebService.h */ = {isa = PBXFileReference; fileEncoding = 4; lastKnownFileType = sourcecode.c.h; name = KTWebService.h; path = services/KTWebService.h; sourceTree = "<group>"; };
		C72EAB7218BDBBA4002D6B82 /* KTWebService.m */ = {isa = PBXFileReference; fileEncoding = 4; lastKnownFileType = sourcecode.c.objc; name = KTWebService.m; path = services/KTWebService.m; sourceTree = "<group>"; };
		C72EAB7518BDBDB7002D6B82 /* KTExploreViewController.h */ = {isa = PBXFileReference; fileEncoding = 4; lastKnownFileType = sourcecode.c.h; name = KTExploreViewController.h; path = controller/KTExploreViewController.h; sourceTree = "<group>"; };
		C72EAB7618BDBDB7002D6B82 /* KTExploreViewController.m */ = {isa = PBXFileReference; fileEncoding = 4; lastKnownFileType = sourcecode.c.objc; name = KTExploreViewController.m; path = controller/KTExploreViewController.m; sourceTree = "<group>"; };
		C7DDE87D182A0E2F00F0D5CB /* KTStrings.h */ = {isa = PBXFileReference; fileEncoding = 4; lastKnownFileType = sourcecode.c.h; name = KTStrings.h; path = Strings/KTStrings.h; sourceTree = "<group>"; };
		C7DDE884182A12E900F0D5CB /* KTQuestionListItemCell.h */ = {isa = PBXFileReference; fileEncoding = 4; lastKnownFileType = sourcecode.c.h; name = KTQuestionListItemCell.h; path = views/KTQuestionListItemCell.h; sourceTree = "<group>"; };
		C7DDE885182A12E900F0D5CB /* KTQuestionListItemCell.m */ = {isa = PBXFileReference; fileEncoding = 4; lastKnownFileType = sourcecode.c.objc; name = KTQuestionListItemCell.m; path = views/KTQuestionListItemCell.m; sourceTree = "<group>"; };
		C7DDE88D182A146600F0D5CB /* KTQuestionListItem.h */ = {isa = PBXFileReference; fileEncoding = 4; lastKnownFileType = sourcecode.c.h; name = KTQuestionListItem.h; path = kiptalk/models/KTQuestionListItem.h; sourceTree = "<group>"; };
		C7DDE88E182A146600F0D5CB /* KTQuestionListItem.m */ = {isa = PBXFileReference; fileEncoding = 4; lastKnownFileType = sourcecode.c.objc; name = KTQuestionListItem.m; path = kiptalk/models/KTQuestionListItem.m; sourceTree = "<group>"; };
		C7DDEA0D182B927400F0D5CB /* clock.png */ = {isa = PBXFileReference; lastKnownFileType = image.png; name = clock.png; path = Resources/clock.png; sourceTree = "<group>"; };
		C7DDEA0E182B927400F0D5CB /* clock@2x.png */ = {isa = PBXFileReference; lastKnownFileType = image.png; name = "clock@2x.png"; path = "Resources/clock@2x.png"; sourceTree = "<group>"; };
		C7DDEA0F182B927400F0D5CB /* profilepic.jpg */ = {isa = PBXFileReference; lastKnownFileType = image.jpeg; name = profilepic.jpg; path = Resources/profilepic.jpg; sourceTree = "<group>"; };
		C7DDEA10182B927400F0D5CB /* profilepic@2x.jpg */ = {isa = PBXFileReference; lastKnownFileType = image.jpeg; name = "profilepic@2x.jpg"; path = "Resources/profilepic@2x.jpg"; sourceTree = "<group>"; };
/* End PBXFileReference section */

/* Begin PBXFrameworksBuildPhase section */
		15864056180F5B52004B212B /* Frameworks */ = {
			isa = PBXFrameworksBuildPhase;
			buildActionMask = 2147483647;
			files = (
				1586405F180F5B52004B212B /* CoreGraphics.framework in Frameworks */,
				15864061180F5B52004B212B /* UIKit.framework in Frameworks */,
				1586405D180F5B52004B212B /* Foundation.framework in Frameworks */,
			);
			runOnlyForDeploymentPostprocessing = 0;
		};
		15864077180F5B52004B212B /* Frameworks */ = {
			isa = PBXFrameworksBuildPhase;
			buildActionMask = 2147483647;
			files = (
				1586407C180F5B52004B212B /* XCTest.framework in Frameworks */,
				1586407E180F5B52004B212B /* UIKit.framework in Frameworks */,
				1586407D180F5B52004B212B /* Foundation.framework in Frameworks */,
			);
			runOnlyForDeploymentPostprocessing = 0;
		};
/* End PBXFrameworksBuildPhase section */

/* Begin PBXGroup section */
		15864050180F5B52004B212B = {
			isa = PBXGroup;
			children = (
				15864062180F5B52004B212B /* kiptalk */,
				15864081180F5B52004B212B /* kiptalkTests */,
				1586405B180F5B52004B212B /* Frameworks */,
				1586405A180F5B52004B212B /* Products */,
			);
			sourceTree = "<group>";
		};
		1586405A180F5B52004B212B /* Products */ = {
			isa = PBXGroup;
			children = (
				15864059180F5B52004B212B /* kiptalk.app */,
				1586407A180F5B52004B212B /* kiptalkTests.xctest */,
			);
			name = Products;
			sourceTree = "<group>";
		};
		1586405B180F5B52004B212B /* Frameworks */ = {
			isa = PBXGroup;
			children = (
				1586405C180F5B52004B212B /* Foundation.framework */,
				1586405E180F5B52004B212B /* CoreGraphics.framework */,
				15864060180F5B52004B212B /* UIKit.framework */,
				1586407B180F5B52004B212B /* XCTest.framework */,
			);
			name = Frameworks;
			sourceTree = "<group>";
		};
		15864062180F5B52004B212B /* kiptalk */ = {
			isa = PBXGroup;
			children = (
				C72EAB6E18BDBB8A002D6B82 /* services */,
				C7DDEA0C182B91F200F0D5CB /* Resource */,
				C7DDE87C182A0DE000F0D5CB /* Strings */,
				15864094180F5C63004B212B /* controllers */,
				15864093180F5C5C004B212B /* views */,
				15864091180F5C3C004B212B /* models */,
				1586406B180F5B52004B212B /* KTHomeAppDelegate.h */,
				1586406C180F5B52004B212B /* KTHomeAppDelegate.m */,
				1586406E180F5B52004B212B /* Main.storyboard */,
				15864074180F5B52004B212B /* Images.xcassets */,
				15864063180F5B52004B212B /* Supporting Files */,
			);
			path = kiptalk;
			sourceTree = "<group>";
		};
		15864063180F5B52004B212B /* Supporting Files */ = {
			isa = PBXGroup;
			children = (
				15864064180F5B52004B212B /* kiptalk-Info.plist */,
				15864065180F5B52004B212B /* InfoPlist.strings */,
				15864068180F5B52004B212B /* main.m */,
				1586406A180F5B52004B212B /* kiptalk-Prefix.pch */,
			);
			name = "Supporting Files";
			sourceTree = "<group>";
		};
		15864081180F5B52004B212B /* kiptalkTests */ = {
			isa = PBXGroup;
			children = (
				15864087180F5B52004B212B /* kiptalkTests.m */,
				15864082180F5B52004B212B /* Supporting Files */,
			);
			path = kiptalkTests;
			sourceTree = "<group>";
		};
		15864082180F5B52004B212B /* Supporting Files */ = {
			isa = PBXGroup;
			children = (
				15864083180F5B52004B212B /* kiptalkTests-Info.plist */,
				15864084180F5B52004B212B /* InfoPlist.strings */,
			);
			name = "Supporting Files";
			sourceTree = "<group>";
		};
		15864091180F5C3C004B212B /* models */ = {
			isa = PBXGroup;
			children = (
				C7DDE891182A154300F0D5CB /* Basic Componet */,
				C7DDE88D182A146600F0D5CB /* KTQuestionListItem.h */,
				C7DDE88E182A146600F0D5CB /* KTQuestionListItem.m */,
			);
			name = models;
			path = ..;
			sourceTree = "<group>";
		};
		15864093180F5C5C004B212B /* views */ = {
			isa = PBXGroup;
			children = (
				C7DDE884182A12E900F0D5CB /* KTQuestionListItemCell.h */,
				C7DDE885182A12E900F0D5CB /* KTQuestionListItemCell.m */,
				C711BDA1182CCE1700000A27 /* KTQuestionListItemCell.xib */,
			);
			name = views;
			sourceTree = "<group>";
		};
		15864094180F5C63004B212B /* controllers */ = {
			isa = PBXGroup;
			children = (
				C72EAB6518BDBB76002D6B82 /* KTAskViewController.h */,
				C72EAB6618BDBB76002D6B82 /* KTAskViewController.m */,
				C72EAB6718BDBB76002D6B82 /* KTHomeViewController.h */,
				C72EAB6818BDBB76002D6B82 /* KTHomeViewController.m */,
				C72EAB6918BDBB76002D6B82 /* KTMeViewController.h */,
				C72EAB6A18BDBB76002D6B82 /* KTMeViewController.m */,
				C72EAB5E18BDBA01002D6B82 /* Question List */,
			);
			name = controllers;
			sourceTree = "<group>";
		};
		C72EAB5E18BDBA01002D6B82 /* Question List */ = {
			isa = PBXGroup;
			children = (
				C72EAB6218BDBB5D002D6B82 /* KTFollowingViewController.h */,
				C72EAB6318BDBB5D002D6B82 /* KTFollowingViewController.m */,
				C72EAB5F18BDBA9E002D6B82 /* KTDoubleListTableViewController.h */,
				C72EAB6018BDBA9E002D6B82 /* KTDoubleListTableViewController.m */,
				C72EAB7518BDBDB7002D6B82 /* KTExploreViewController.h */,
				C72EAB7618BDBDB7002D6B82 /* KTExploreViewController.m */,
			);
			name = "Question List";
			sourceTree = "<group>";
		};
		C72EAB6E18BDBB8A002D6B82 /* services */ = {
			isa = PBXGroup;
			children = (
				C72EAB6F18BDBBA4002D6B82 /* KTQuestionListFetcher.h */,
				C72EAB7018BDBBA4002D6B82 /* KTQuestionListFetcher.m */,
				C72EAB7118BDBBA4002D6B82 /* KTWebService.h */,
				C72EAB7218BDBBA4002D6B82 /* KTWebService.m */,
			);
			name = services;
			sourceTree = "<group>";
		};
		C7DDE87C182A0DE000F0D5CB /* Strings */ = {
			isa = PBXGroup;
			children = (
				C7DDE87D182A0E2F00F0D5CB /* KTStrings.h */,
			);
			name = Strings;
			sourceTree = "<group>";
		};
		C7DDE891182A154300F0D5CB /* Basic Componet */ = {
			isa = PBXGroup;
			children = (
				159004B0181DE6B200D5A50C /* KTComment.h */,
				159004B1181DE6B200D5A50C /* KTComment.m */,
				1547D07B181C3E8000513492 /* KTLanguage.h */,
				1547D07C181C3E8000513492 /* KTLanguage.m */,
				15864095180F5CBB004B212B /* KTUser.h */,
				15864096180F5CBB004B212B /* KTUser.m */,
				1547D075181C3C9300513492 /* KTPost.h */,
				1547D076181C3C9300513492 /* KTPost.m */,
				1547D078181C3DF300513492 /* KTExpression.h */,
				1547D079181C3DF300513492 /* KTExpression.m */,
				1547D07E181C419400513492 /* KTQuestion.h */,
				1547D07F181C419400513492 /* KTQuestion.m */,
			);
			name = "Basic Componet";
			sourceTree = "<group>";
		};
		C7DDEA0C182B91F200F0D5CB /* Resource */ = {
			isa = PBXGroup;
			children = (
				C7DDEA0D182B927400F0D5CB /* clock.png */,
				C7DDEA0E182B927400F0D5CB /* clock@2x.png */,
				C7DDEA0F182B927400F0D5CB /* profilepic.jpg */,
				C7DDEA10182B927400F0D5CB /* profilepic@2x.jpg */,
			);
			name = Resource;
			sourceTree = "<group>";
		};
/* End PBXGroup section */

/* Begin PBXNativeTarget section */
		15864058180F5B52004B212B /* kiptalk */ = {
			isa = PBXNativeTarget;
			buildConfigurationList = 1586408B180F5B52004B212B /* Build configuration list for PBXNativeTarget "kiptalk" */;
			buildPhases = (
				15864055180F5B52004B212B /* Sources */,
				15864056180F5B52004B212B /* Frameworks */,
				15864057180F5B52004B212B /* Resources */,
			);
			buildRules = (
			);
			dependencies = (
			);
			name = kiptalk;
			productName = kiptalk;
			productReference = 15864059180F5B52004B212B /* kiptalk.app */;
			productType = "com.apple.product-type.application";
		};
		15864079180F5B52004B212B /* kiptalkTests */ = {
			isa = PBXNativeTarget;
			buildConfigurationList = 1586408E180F5B52004B212B /* Build configuration list for PBXNativeTarget "kiptalkTests" */;
			buildPhases = (
				15864076180F5B52004B212B /* Sources */,
				15864077180F5B52004B212B /* Frameworks */,
				15864078180F5B52004B212B /* Resources */,
			);
			buildRules = (
			);
			dependencies = (
				15864080180F5B52004B212B /* PBXTargetDependency */,
			);
			name = kiptalkTests;
			productName = kiptalkTests;
			productReference = 1586407A180F5B52004B212B /* kiptalkTests.xctest */;
			productType = "com.apple.product-type.bundle.unit-test";
		};
/* End PBXNativeTarget section */

/* Begin PBXProject section */
		15864051180F5B52004B212B /* Project object */ = {
			isa = PBXProject;
			attributes = {
				CLASSPREFIX = Home;
				LastUpgradeCheck = 0500;
				ORGANIZATIONNAME = Armuro;
				TargetAttributes = {
					15864079180F5B52004B212B = {
						TestTargetID = 15864058180F5B52004B212B;
					};
				};
			};
			buildConfigurationList = 15864054180F5B52004B212B /* Build configuration list for PBXProject "kiptalk" */;
			compatibilityVersion = "Xcode 3.2";
			developmentRegion = English;
			hasScannedForEncodings = 0;
			knownRegions = (
				en,
				Base,
			);
			mainGroup = 15864050180F5B52004B212B;
			productRefGroup = 1586405A180F5B52004B212B /* Products */;
			projectDirPath = "";
			projectRoot = "";
			targets = (
				15864058180F5B52004B212B /* kiptalk */,
				15864079180F5B52004B212B /* kiptalkTests */,
			);
		};
/* End PBXProject section */

/* Begin PBXResourcesBuildPhase section */
		15864057180F5B52004B212B /* Resources */ = {
			isa = PBXResourcesBuildPhase;
			buildActionMask = 2147483647;
			files = (
				C7DDEA13182B927400F0D5CB /* clock@2x.png in Resources */,
				C7DDEA17182B927400F0D5CB /* profilepic@2x.jpg in Resources */,
				C7DDEA11182B927400F0D5CB /* clock.png in Resources */,
				C7DDEA15182B927400F0D5CB /* profilepic.jpg in Resources */,
				15864075180F5B52004B212B /* Images.xcassets in Resources */,
				15864067180F5B52004B212B /* InfoPlist.strings in Resources */,
				C711BDA2182CCE1700000A27 /* KTQuestionListItemCell.xib in Resources */,
				15864070180F5B52004B212B /* Main.storyboard in Resources */,
			);
			runOnlyForDeploymentPostprocessing = 0;
		};
		15864078180F5B52004B212B /* Resources */ = {
			isa = PBXResourcesBuildPhase;
			buildActionMask = 2147483647;
			files = (
				C7DDEA14182B927400F0D5CB /* clock@2x.png in Resources */,
				C7DDEA18182B927400F0D5CB /* profilepic@2x.jpg in Resources */,
				C7DDEA12182B927400F0D5CB /* clock.png in Resources */,
				C7DDEA16182B927400F0D5CB /* profilepic.jpg in Resources */,
				15864086180F5B52004B212B /* InfoPlist.strings in Resources */,
			);
			runOnlyForDeploymentPostprocessing = 0;
		};
/* End PBXResourcesBuildPhase section */

/* Begin PBXSourcesBuildPhase section */
		15864055180F5B52004B212B /* Sources */ = {
			isa = PBXSourcesBuildPhase;
			buildActionMask = 2147483647;
			files = (
				C72EAB6D18BDBB76002D6B82 /* KTMeViewController.m in Sources */,
				C7DDE88F182A146600F0D5CB /* KTQuestionListItem.m in Sources */,
				C7DDE886182A12E900F0D5CB /* KTQuestionListItemCell.m in Sources */,
				C72EAB6418BDBB5D002D6B82 /* KTFollowingViewController.m in Sources */,
				159004B2181DE6B200D5A50C /* KTComment.m in Sources */,
				C72EAB7318BDBBA4002D6B82 /* KTQuestionListFetcher.m in Sources */,
				1547D07A181C3DF300513492 /* KTExpression.m in Sources */,
				C72EAB7418BDBBA4002D6B82 /* KTWebService.m in Sources */,
				1547D077181C3C9300513492 /* KTPost.m in Sources */,
				C72EAB6B18BDBB76002D6B82 /* KTAskViewController.m in Sources */,
				C72EAB7718BDBDB7002D6B82 /* KTExploreViewController.m in Sources */,
				C72EAB6C18BDBB76002D6B82 /* KTHomeViewController.m in Sources */,
				15864097180F5CBB004B212B /* KTUser.m in Sources */,
				15864069180F5B52004B212B /* main.m in Sources */,
				C72EAB6118BDBA9E002D6B82 /* KTDoubleListTableViewController.m in Sources */,
				1586406D180F5B52004B212B /* KTHomeAppDelegate.m in Sources */,
				1547D080181C419400513492 /* KTQuestion.m in Sources */,
				1547D07D181C3E8000513492 /* KTLanguage.m in Sources */,
			);
			runOnlyForDeploymentPostprocessing = 0;
		};
		15864076180F5B52004B212B /* Sources */ = {
			isa = PBXSourcesBuildPhase;
			buildActionMask = 2147483647;
			files = (
				C7DDE890182A146600F0D5CB /* KTQuestionListItem.m in Sources */,
				C7DDE887182A12E900F0D5CB /* KTQuestionListItemCell.m in Sources */,
				15864088180F5B52004B212B /* kiptalkTests.m in Sources */,
			);
			runOnlyForDeploymentPostprocessing = 0;
		};
/* End PBXSourcesBuildPhase section */

/* Begin PBXTargetDependency section */
		15864080180F5B52004B212B /* PBXTargetDependency */ = {
			isa = PBXTargetDependency;
			target = 15864058180F5B52004B212B /* kiptalk */;
			targetProxy = 1586407F180F5B52004B212B /* PBXContainerItemProxy */;
		};
/* End PBXTargetDependency section */

/* Begin PBXVariantGroup section */
		15864065180F5B52004B212B /* InfoPlist.strings */ = {
			isa = PBXVariantGroup;
			children = (
				15864066180F5B52004B212B /* en */,
			);
			name = InfoPlist.strings;
			sourceTree = "<group>";
		};
		1586406E180F5B52004B212B /* Main.storyboard */ = {
			isa = PBXVariantGroup;
			children = (
				1586406F180F5B52004B212B /* Base */,
			);
			name = Main.storyboard;
			sourceTree = "<group>";
		};
		15864084180F5B52004B212B /* InfoPlist.strings */ = {
			isa = PBXVariantGroup;
			children = (
				15864085180F5B52004B212B /* en */,
			);
			name = InfoPlist.strings;
			sourceTree = "<group>";
		};
/* End PBXVariantGroup section */

/* Begin XCBuildConfiguration section */
		15864089180F5B52004B212B /* Debug */ = {
			isa = XCBuildConfiguration;
			buildSettings = {
				ALWAYS_SEARCH_USER_PATHS = NO;
				ARCHS = "$(ARCHS_STANDARD_INCLUDING_64_BIT)";
				CLANG_CXX_LANGUAGE_STANDARD = "gnu++0x";
				CLANG_CXX_LIBRARY = "libc++";
				CLANG_ENABLE_MODULES = YES;
				CLANG_ENABLE_OBJC_ARC = YES;
				CLANG_WARN_BOOL_CONVERSION = YES;
				CLANG_WARN_CONSTANT_CONVERSION = YES;
				CLANG_WARN_DIRECT_OBJC_ISA_USAGE = YES_ERROR;
				CLANG_WARN_EMPTY_BODY = YES;
				CLANG_WARN_ENUM_CONVERSION = YES;
				CLANG_WARN_INT_CONVERSION = YES;
				CLANG_WARN_OBJC_ROOT_CLASS = YES_ERROR;
				CLANG_WARN__DUPLICATE_METHOD_MATCH = YES;
				"CODE_SIGN_IDENTITY[sdk=iphoneos*]" = "iPhone Developer";
				COPY_PHASE_STRIP = NO;
				GCC_C_LANGUAGE_STANDARD = gnu99;
				GCC_DYNAMIC_NO_PIC = NO;
				GCC_OPTIMIZATION_LEVEL = 0;
				GCC_PREPROCESSOR_DEFINITIONS = (
					"DEBUG=1",
					"$(inherited)",
				);
				GCC_SYMBOLS_PRIVATE_EXTERN = NO;
				GCC_WARN_64_TO_32_BIT_CONVERSION = YES;
				GCC_WARN_ABOUT_RETURN_TYPE = YES_ERROR;
				GCC_WARN_UNDECLARED_SELECTOR = YES;
				GCC_WARN_UNINITIALIZED_AUTOS = YES;
				GCC_WARN_UNUSED_FUNCTION = YES;
				GCC_WARN_UNUSED_VARIABLE = YES;
				IPHONEOS_DEPLOYMENT_TARGET = 7.0;
				ONLY_ACTIVE_ARCH = YES;
				SDKROOT = iphoneos;
			};
			name = Debug;
		};
		1586408A180F5B52004B212B /* Release */ = {
			isa = XCBuildConfiguration;
			buildSettings = {
				ALWAYS_SEARCH_USER_PATHS = NO;
				ARCHS = "$(ARCHS_STANDARD_INCLUDING_64_BIT)";
				CLANG_CXX_LANGUAGE_STANDARD = "gnu++0x";
				CLANG_CXX_LIBRARY = "libc++";
				CLANG_ENABLE_MODULES = YES;
				CLANG_ENABLE_OBJC_ARC = YES;
				CLANG_WARN_BOOL_CONVERSION = YES;
				CLANG_WARN_CONSTANT_CONVERSION = YES;
				CLANG_WARN_DIRECT_OBJC_ISA_USAGE = YES_ERROR;
				CLANG_WARN_EMPTY_BODY = YES;
				CLANG_WARN_ENUM_CONVERSION = YES;
				CLANG_WARN_INT_CONVERSION = YES;
				CLANG_WARN_OBJC_ROOT_CLASS = YES_ERROR;
				CLANG_WARN__DUPLICATE_METHOD_MATCH = YES;
				"CODE_SIGN_IDENTITY[sdk=iphoneos*]" = "iPhone Developer";
				COPY_PHASE_STRIP = YES;
				ENABLE_NS_ASSERTIONS = NO;
				GCC_C_LANGUAGE_STANDARD = gnu99;
				GCC_WARN_64_TO_32_BIT_CONVERSION = YES;
				GCC_WARN_ABOUT_RETURN_TYPE = YES_ERROR;
				GCC_WARN_UNDECLARED_SELECTOR = YES;
				GCC_WARN_UNINITIALIZED_AUTOS = YES;
				GCC_WARN_UNUSED_FUNCTION = YES;
				GCC_WARN_UNUSED_VARIABLE = YES;
				IPHONEOS_DEPLOYMENT_TARGET = 7.0;
				SDKROOT = iphoneos;
				VALIDATE_PRODUCT = YES;
			};
			name = Release;
		};
		1586408C180F5B52004B212B /* Debug */ = {
			isa = XCBuildConfiguration;
			buildSettings = {
				ASSETCATALOG_COMPILER_APPICON_NAME = AppIcon;
				ASSETCATALOG_COMPILER_LAUNCHIMAGE_NAME = LaunchImage;
				GCC_PRECOMPILE_PREFIX_HEADER = YES;
				GCC_PREFIX_HEADER = "kiptalk/kiptalk-Prefix.pch";
				INFOPLIST_FILE = "kiptalk/kiptalk-Info.plist";
				PRODUCT_NAME = "$(TARGET_NAME)";
				WRAPPER_EXTENSION = app;
			};
			name = Debug;
		};
		1586408D180F5B52004B212B /* Release */ = {
			isa = XCBuildConfiguration;
			buildSettings = {
				ASSETCATALOG_COMPILER_APPICON_NAME = AppIcon;
				ASSETCATALOG_COMPILER_LAUNCHIMAGE_NAME = LaunchImage;
				GCC_PRECOMPILE_PREFIX_HEADER = YES;
				GCC_PREFIX_HEADER = "kiptalk/kiptalk-Prefix.pch";
				INFOPLIST_FILE = "kiptalk/kiptalk-Info.plist";
				PRODUCT_NAME = "$(TARGET_NAME)";
				WRAPPER_EXTENSION = app;
			};
			name = Release;
		};
		1586408F180F5B52004B212B /* Debug */ = {
			isa = XCBuildConfiguration;
			buildSettings = {
				ARCHS = "$(ARCHS_STANDARD_INCLUDING_64_BIT)";
				BUNDLE_LOADER = "$(BUILT_PRODUCTS_DIR)/kiptalk.app/kiptalk";
				FRAMEWORK_SEARCH_PATHS = (
					"$(SDKROOT)/Developer/Library/Frameworks",
					"$(inherited)",
					"$(DEVELOPER_FRAMEWORKS_DIR)",
				);
				GCC_PRECOMPILE_PREFIX_HEADER = YES;
				GCC_PREFIX_HEADER = "kiptalk/kiptalk-Prefix.pch";
				GCC_PREPROCESSOR_DEFINITIONS = (
					"DEBUG=1",
					"$(inherited)",
				);
				INFOPLIST_FILE = "kiptalkTests/kiptalkTests-Info.plist";
				PRODUCT_NAME = "$(TARGET_NAME)";
				TEST_HOST = "$(BUNDLE_LOADER)";
				WRAPPER_EXTENSION = xctest;
			};
			name = Debug;
		};
		15864090180F5B52004B212B /* Release */ = {
			isa = XCBuildConfiguration;
			buildSettings = {
				ARCHS = "$(ARCHS_STANDARD_INCLUDING_64_BIT)";
				BUNDLE_LOADER = "$(BUILT_PRODUCTS_DIR)/kiptalk.app/kiptalk";
				FRAMEWORK_SEARCH_PATHS = (
					"$(SDKROOT)/Developer/Library/Frameworks",
					"$(inherited)",
					"$(DEVELOPER_FRAMEWORKS_DIR)",
				);
				GCC_PRECOMPILE_PREFIX_HEADER = YES;
				GCC_PREFIX_HEADER = "kiptalk/kiptalk-Prefix.pch";
				INFOPLIST_FILE = "kiptalkTests/kiptalkTests-Info.plist";
				PRODUCT_NAME = "$(TARGET_NAME)";
				TEST_HOST = "$(BUNDLE_LOADER)";
				WRAPPER_EXTENSION = xctest;
			};
			name = Release;
		};
/* End XCBuildConfiguration section */

/* Begin XCConfigurationList section */
		15864054180F5B52004B212B /* Build configuration list for PBXProject "kiptalk" */ = {
			isa = XCConfigurationList;
			buildConfigurations = (
				15864089180F5B52004B212B /* Debug */,
				1586408A180F5B52004B212B /* Release */,
			);
			defaultConfigurationIsVisible = 0;
			defaultConfigurationName = Release;
		};
		1586408B180F5B52004B212B /* Build configuration list for PBXNativeTarget "kiptalk" */ = {
			isa = XCConfigurationList;
			buildConfigurations = (
				1586408C180F5B52004B212B /* Debug */,
				1586408D180F5B52004B212B /* Release */,
			);
			defaultConfigurationIsVisible = 0;
			defaultConfigurationName = Release;
		};
		1586408E180F5B52004B212B /* Build configuration list for PBXNativeTarget "kiptalkTests" */ = {
			isa = XCConfigurationList;
			buildConfigurations = (
				1586408F180F5B52004B212B /* Debug */,
				15864090180F5B52004B212B /* Release */,
			);
			defaultConfigurationIsVisible = 0;
			defaultConfigurationName = Release;
		};
/* End XCConfigurationList section */
	};
	rootObject = 15864051180F5B52004B212B /* Project object */;
}
